
Microsoft Visual Studio Solution File, Format Version 12.00
# Visual Studio Version 16
VisualStudioVersion = 16.0.30204.135
MinimumVisualStudioVersion = 10.0.40219.1
Project("{FAE04EC0-301F-11D3-BF4B-00C04F79EFBC}") = "APPForm", "APPForm\APPForm.csproj", "{250449EA-BC15-43AF-8E8B-23222C5B907D}"
EndProject
Project("{FAE04EC0-301F-11D3-BF4B-00C04F79EFBC}") = "FTPUtils", "FTPUtils\FTPUtils.csproj", "{0BD8ABBE-FD70-4F26-AD3B-B14A47950F59}"
EndProject
Global
	GlobalSection(SolutionConfigurationPlatforms) = preSolution
		Debug|Any CPU = Debug|Any CPU
		Release|Any CPU = Release|Any CPU
	EndGlobalSection
	GlobalSection(ProjectConfigurationPlatforms) = postSolution
		{250449EA-BC15-43AF-8E8B-23222C5B907D}.Debug|Any CPU.ActiveCfg = Debug|Any CPU
		{250449EA-BC15-43AF-8E8B-23222C5B907D}.Debug|Any CPU.Build.0 = Debug|Any CPU
		{250449EA-BC15-43AF-8E8B-23222C5B907D}.Release|Any CPU.ActiveCfg = Release|Any CPU
		{250449EA-BC15-43AF-8E8B-23222C5B907D}.Release|Any CPU.Build.0 = Release|Any CPU
		{0BD8ABBE-FD70-4F26-AD3B-B14A47950F59}.Debug|Any CPU.ActiveCfg = Debug|Any CPU
		{0BD8ABBE-FD70-4F26-AD3B-B14A47950F59}.Debug|Any CPU.Build.0 = Debug|Any CPU
		{0BD8ABBE-FD70-4F26-AD3B-B14A47950F59}.Release|Any CPU.ActiveCfg = Release|Any CPU
		{0BD8ABBE-FD70-4F26-AD3B-B14A47950F59}.Release|Any CPU.Build.0 = Release|Any CPU
	EndGlobalSection
	GlobalSection(SolutionProperties) = preSolution
		HideSolutionNode = FALSE
	EndGlobalSection
	GlobalSection(ExtensibilityGlobals) = postSolution
		SolutionGuid = {5FE0801F-D5F4-4DE2-ACE9-B0D6C41F86C3}
	EndGlobalSection
EndGlobal
